Microsoft Visual Studio Solution File, Format Version 12.00
Project("{FAE04EC0-301F-11D3-BF4B-00C04F79EFBC}") = "LibraNextgen.Server", "src\LibraNextgen.Server\LibraNextgen.Server.csproj", "{53C01018-9D42-49A1-AA07-32B174E57DF5}"
EndProject
Project("{FAE04EC0-301F-11D3-BF4B-00C04F79EFBC}") = "LibraNextgen.Common", "src\LibraNextgen.Common\LibraNextgen.Common.csproj", "{88020430-B2AF-4F8B-9F61-9E70A75B8172}"
EndProject
Project("{2150E333-8FDC-42A3-9474-1A3956D46DE8}") = "tests", "tests", "{0AB3BF05-4346-4AA6-1389-037BE0695223}"
EndProject
Project("{FAE04EC0-301F-11D3-BF4B-00C04F79EFBC}") = "LibraNextgen.Tests", "src\tests\LibraNextgen.Tests\LibraNextgen.Tests.csproj", "{B02401E6-93DF-4905-B85A-92E5DABCF9F9}"
EndProject
Global
	GlobalSection(SolutionConfigurationPlatforms) = preSolution
		Debug|Any CPU = Debug|Any CPU
		Debug|x64 = Debug|x64
		Debug|x86 = Debug|x86
		Release|Any CPU = Release|Any CPU
		Release|x64 = Release|x64
		Release|x86 = Release|x86
	EndGlobalSection
	GlobalSection(ProjectConfigurationPlatforms) = postSolution
		{53C01018-9D42-49A1-AA07-32B174E57DF5}.Debug|Any CPU.ActiveCfg = Debug|Any CPU
		{53C01018-9D42-49A1-AA07-32B174E57DF5}.Debug|Any CPU.Build.0 = Debug|Any CPU
		{53C01018-9D42-49A1-AA07-32B174E57DF5}.Debug|x64.ActiveCfg = Debug|Any CPU
		{53C01018-9D42-49A1-AA07-32B174E57DF5}.Debug|x64.Build.0 = Debug|Any CPU
		{53C01018-9D42-49A1-AA07-32B174E57DF5}.Debug|x86.ActiveCfg = Debug|Any CPU
		{53C01018-9D42-49A1-AA07-32B174E57DF5}.Debug|x86.Build.0 = Debug|Any CPU
		{53C01018-9D42-49A1-AA07-32B174E57DF5}.Release|Any CPU.ActiveCfg = Release|Any CPU
		{53C01018-9D42-49A1-AA07-32B174E57DF5}.Release|Any CPU.Build.0 = Release|Any CPU
		{53C01018-9D42-49A1-AA07-32B174E57DF5}.Release|x64.ActiveCfg = Release|Any CPU
		{53C01018-9D42-49A1-AA07-32B174E57DF5}.Release|x64.Build.0 = Release|Any CPU
		{53C01018-9D42-49A1-AA07-32B174E57DF5}.Release|x86.ActiveCfg = Release|Any CPU
		{53C01018-9D42-49A1-AA07-32B174E57DF5}.Release|x86.Build.0 = Release|Any CPU
		{88020430-B2AF-4F8B-9F61-9E70A75B8172}.Debug|Any CPU.ActiveCfg = Debug|Any CPU
		{88020430-B2AF-4F8B-9F61-9E70A75B8172}.Debug|Any CPU.Build.0 = Debug|Any CPU
		{88020430-B2AF-4F8B-9F61-9E70A75B8172}.Debug|x64.ActiveCfg = Debug|Any CPU
		{88020430-B2AF-4F8B-9F61-9E70A75B8172}.Debug|x64.Build.0 = Debug|Any CPU
		{88020430-B2AF-4F8B-9F61-9E70A75B8172}.Debug|x86.ActiveCfg = Debug|Any CPU
		{88020430-B2AF-4F8B-9F61-9E70A75B8172}.Debug|x86.Build.0 = Debug|Any CPU
		{88020430-B2AF-4F8B-9F61-9E70A75B8172}.Release|Any CPU.ActiveCfg = Release|Any CPU
		{88020430-B2AF-4F8B-9F61-9E70A75B8172}.Release|Any CPU.Build.0 = Release|Any CPU
		{88020430-B2AF-4F8B-9F61-9E70A75B8172}.Release|x64.ActiveCfg = Release|Any CPU
		{88020430-B2AF-4F8B-9F61-9E70A75B8172}.Release|x64.Build.0 = Release|Any CPU
		{88020430-B2AF-4F8B-9F61-9E70A75B8172}.Release|x86.ActiveCfg = Release|Any CPU
		{88020430-B2AF-4F8B-9F61-9E70A75B8172}.Release|x86.Build.0 = Release|Any CPU
		{B02401E6-93DF-4905-B85A-92E5DABCF9F9}.Debug|Any CPU.ActiveCfg = Debug|Any CPU
		{B02401E6-93DF-4905-B85A-92E5DABCF9F9}.Debug|Any CPU.Build.0 = Debug|Any CPU
		{B02401E6-93DF-4905-B85A-92E5DABCF9F9}.Debug|x64.ActiveCfg = Debug|Any CPU
		{B02401E6-93DF-4905-B85A-92E5DABCF9F9}.Debug|x64.Build.0 = Debug|Any CPU
		{B02401E6-93DF-4905-B85A-92E5DABCF9F9}.Debug|x86.ActiveCfg = Debug|Any CPU
		{B02401E6-93DF-4905-B85A-92E5DABCF9F9}.Debug|x86.Build.0 = Debug|Any CPU
		{B02401E6-93DF-4905-B85A-92E5DABCF9F9}.Release|Any CPU.ActiveCfg = Release|Any CPU
		{B02401E6-93DF-4905-B85A-92E5DABCF9F9}.Release|Any CPU.Build.0 = Release|Any CPU
		{B02401E6-93DF-4905-B85A-92E5DABCF9F9}.Release|x64.ActiveCfg = Release|Any CPU
		{B02401E6-93DF-4905-B85A-92E5DABCF9F9}.Release|x64.Build.0 = Release|Any CPU
		{B02401E6-93DF-4905-B85A-92E5DABCF9F9}.Release|x86.ActiveCfg = Release|Any CPU
		{B02401E6-93DF-4905-B85A-92E5DABCF9F9}.Release|x86.Build.0 = Release|Any CPU
	EndGlobalSection
	GlobalSection(SolutionProperties) = preSolution
		HideSolutionNode = FALSE
	EndGlobalSection
	GlobalSection(NestedProjects) = preSolution
		{B02401E6-93DF-4905-B85A-92E5DABCF9F9} = {0AB3BF05-4346-4AA6-1389-037BE0695223}
	EndGlobalSection
EndGlobal
